{
  "version": 1,
  "dependencies": {
    "net8.0": {
      "SkiaSharp.NativeAssets.Linux": {
        "type": "Direct",
        "requested": "[4.153.1, )",
        "resolved": "4.153.1",
        "contentHash": "DlBk91MARPfARK5kqd1K6+u6UuUQx+8Rsc+Pwi2dVO7X+S3LsLwqJq1gULLdpIgW2zmcqZ87O6TMfdWkwBXfkQ=="
      },
      "SkiaSharp": {
        "type": "Transitive",
        "resolved": "4.153.1",
        "contentHash": "TghYLOUaP3q6rTjQw7U9uQaaXh8lEs9rfA1U7/VtmyAptVDtj/SmjtcWzFWmcC/VMWxe3QgbV9uyvqDL7ySFtQ==",
        "dependencies": {
          "SkiaSharp.NativeAssets.Win32": "4.153.1",
          "SkiaSharp.NativeAssets.macOS": "4.153.1"
        }
      },
      "SkiaSharp.NativeAssets.macOS": {
        "type": "Transitive",
        "resolved": "4.153.1",
        "contentHash": "YTojWeWIhnpF7uC8vpMxB5wRONKkDB2t3r/nNPA3DL2pgj9fqMXRevA/rIanYazWnco4jo1ufgp3HkXuh1Tz8A=="
      },
      "SkiaSharp.NativeAssets.Win32": {
        "type": "Transitive",
        "resolved": "4.153.1",
        "contentHash": "Yqg6rChTVh0BUE8QQxtOA3uUBnihfgID4yex/AvDa0+os2bVcBjmI3Qj9tnOB+R1hd/Jry1Gwl8qw5JI9HZG8Q=="
      },
      "liquidglass.skia": {
        "type": "Project",
        "dependencies": {
          "SkiaSharp": "[4.153.1, )"
        }
      }
    }
  }
}