{
  "version": 1,
  "dependencies": {
    "net10.0-windows10.0.19041": {
      "SkiaSharp.Views.WindowsForms": {
        "type": "Direct",
        "requested": "[4.153.1, )",
        "resolved": "4.153.1",
        "contentHash": "7TVjzs5+RinS8IVhwCSPP0/ur6LsWqQl1lrO6x0Qbp1FEP8QbIzrIGYP0I5+NESVnlkBvU1fybvGl97Y9bVh6A==",
        "dependencies": {
          "OpenTK": "4.8.2",
          "OpenTK.GLControl": "4.0.1",
          "SkiaSharp": "4.153.1",
          "SkiaSharp.Views.Desktop.Common": "4.153.1"
        }
      },
      "OpenTK": {
        "type": "Transitive",
        "resolved": "4.8.2",
        "contentHash": "s2bqkD0glaX5Zbrv0Nj91zcefGrwq+nAp7SnXw14Z22Wj1nVE9CWkEyKX8tha1EdxqSRwKdP6gi+xzZXs4nK4Q==",
        "dependencies": {
          "OpenTK.Audio.OpenAL": "4.8.2",
          "OpenTK.Compute": "4.8.2",
          "OpenTK.Core": "4.8.2",
          "OpenTK.Graphics": "4.8.2",
          "OpenTK.Input": "4.8.2",
          "OpenTK.Mathematics": "4.8.2",
          "OpenTK.Windowing.Common": "4.8.2",
          "OpenTK.Windowing.Desktop": "4.8.2",
          "OpenTK.Windowing.GraphicsLibraryFramework": "4.8.2"
        }
      },
      "OpenTK.Audio.OpenAL": {
        "type": "Transitive",
        "resolved": "4.8.2",
        "contentHash": "/Xe0luzJiVOvJ8YXGMY/YLZsGsb0/7Ms09isb/WxkKWjLyuiB2OIflZ49VHmumZpQDz2PUgwqOt2fucviLOmuw==",
        "dependencies": {
          "OpenTK.Core": "[4.8.2, 4.9.0)",
          "OpenTK.Mathematics": "[4.8.2, 4.9.0)"
        }
      },
      "OpenTK.Compute": {
        "type": "Transitive",
        "resolved": "4.8.2",
        "contentHash": "n3gBbXOTCkvkNjSOKkVpoxfF/QXzo+cPWKtzObm4f/J+5mOE8odHKXgPn1765Tnu2Ou2ImvdXi/bUFQt/V5Qiw=="
      },
      "OpenTK.Core": {
        "type": "Transitive",
        "resolved": "4.8.2",
        "contentHash": "BS5IM1W/BK9BtmsEnYT/RGv+KDK0Zrnw8nDDGvK45ywBjMLv+qBRB+Vkx5sQ4Jjy7btLxxqrPHmT3wt5N/PcxA=="
      },
      "OpenTK.GLControl": {
        "type": "Transitive",
        "resolved": "4.0.1",
        "contentHash": "SDROZkxr7uxebDE3RdknQbNDhEooAugpumXsxhoEkn4EnN5LlwaGubAK1SDnCnYbSYL5t9GoRwuOTEOZFGJ04g==",
        "dependencies": {
          "OpenTK.Graphics": "4.8.2",
          "OpenTK.Windowing.Desktop": "4.8.2"
        }
      },
      "OpenTK.Graphics": {
        "type": "Transitive",
        "resolved": "4.8.2",
        "contentHash": "qpbyWqdO+yEFVFinKwEWKgi1Jgd0fVSgHbB7d5I8ozI9RL/SKZSNmJDxLjTMSQImJtFixmATcLEWwvEceJ/JsQ==",
        "dependencies": {
          "OpenTK.Core": "[4.8.2, 4.9.0)",
          "OpenTK.Mathematics": "[4.8.2, 4.9.0)"
        }
      },
      "OpenTK.Input": {
        "type": "Transitive",
        "resolved": "4.8.2",
        "contentHash": "BGs7STF0/o4kNJ1pWXko4I3IwEhieOHVgJFzXzo5m1tI4zMKjBqmzuc4GGfCu+Gtiv33vRYx3dt9f659nr5J8w=="
      },
      "OpenTK.Mathematics": {
        "type": "Transitive",
        "resolved": "4.8.2",
        "contentHash": "A8D3eBWi/LKndvTQQ9o9uwyQJUjGORfWCn/gOvX0jIwmTctkLGnOdw5kw4JbRnzfrhZoSIaqZ7MYWWhIkasORw=="
      },
      "OpenTK.redist.glfw": {
        "type": "Transitive",
        "resolved": "3.3.8.39",
        "contentHash": "JzjaBzHTyKenUk9CXOYIqA/v7VMnjFnqmd3SKR3I1YpuOTu/H3ohyy3o+ZfMCQ6IRKs7CLfSPXMarKLvwD0WgQ=="
      },
      "OpenTK.Windowing.Common": {
        "type": "Transitive",
        "resolved": "4.8.2",
        "contentHash": "cE7w2AboX/cxtOl7UWa1rTnH4uUoCEg9rtppN6d1/8GOfKUW8LjO6bjEePrRk9LzRZL+5dky3nfw6ZONn5ItyA==",
        "dependencies": {
          "OpenTK.Core": "[4.8.2, 4.9.0)",
          "OpenTK.Mathematics": "[4.8.2, 4.9.0)"
        }
      },
      "OpenTK.Windowing.Desktop": {
        "type": "Transitive",
        "resolved": "4.8.2",
        "contentHash": "SlEuiAllLgE03/jJbloCOD1iNtBpnhMuVb510ccA/ILp//mzXHeRKsz7zFJ1ct7yIxe5U2WExXx52Tan++p11Q==",
        "dependencies": {
          "OpenTK.Core": "[4.8.2, 4.9.0)",
          "OpenTK.Mathematics": "[4.8.2, 4.9.0)",
          "OpenTK.Windowing.Common": "[4.8.2, 4.9.0)",
          "OpenTK.Windowing.GraphicsLibraryFramework": "[4.8.2, 4.9.0)"
        }
      },
      "OpenTK.Windowing.GraphicsLibraryFramework": {
        "type": "Transitive",
        "resolved": "4.8.2",
        "contentHash": "o50PgKL8G0Pqs7Lo7hu1ru+5X5l03aht5jaeik7McXFgVaBJzMLhMhZkiferx4bbcC9Rq597BOknDwqE/bsLOw==",
        "dependencies": {
          "OpenTK.Core": "[4.8.2, 4.9.0)",
          "OpenTK.redist.glfw": "3.3.8.39"
        }
      },
      "SkiaSharp": {
        "type": "Transitive",
        "resolved": "4.153.1",
        "contentHash": "TghYLOUaP3q6rTjQw7U9uQaaXh8lEs9rfA1U7/VtmyAptVDtj/SmjtcWzFWmcC/VMWxe3QgbV9uyvqDL7ySFtQ==",
        "dependencies": {
          "SkiaSharp.NativeAssets.Win32": "4.153.1"
        }
      },
      "SkiaSharp.NativeAssets.Win32": {
        "type": "Transitive",
        "resolved": "4.153.1",
        "contentHash": "Yqg6rChTVh0BUE8QQxtOA3uUBnihfgID4yex/AvDa0+os2bVcBjmI3Qj9tnOB+R1hd/Jry1Gwl8qw5JI9HZG8Q=="
      },
      "SkiaSharp.Views.Desktop.Common": {
        "type": "Transitive",
        "resolved": "4.153.1",
        "contentHash": "BaeYunoZhhs4Zz/5XN8/3S3YQOcj45KwY0tbObhAx3wZVgpLTEWgt3snID2s3q9tfgi83iFZxFaS+JR/Thpfqw==",
        "dependencies": {
          "SkiaSharp": "4.153.1"
        }
      },
      "liquidglass.skia": {
        "type": "Project",
        "dependencies": {
          "SkiaSharp": "[4.153.1, )"
        }
      }
    }
  }
}