{
  "name": "liquidglass-skia-preview",
  "version": "0.0.0",
  "lockfileVersion": 3,
  "requires": true,
  "packages": {
    "": {
      "name": "liquidglass-skia-preview",
      "version": "0.0.0",
      "license": "Apache-2.0",
      "dependencies": {
        "canvaskit-wasm": "0.42.0"
      }
    },
    "node_modules/@webgpu/types": {
      "version": "0.1.21",
      "resolved": "https://registry.npmjs.org/@webgpu/types/-/types-0.1.21.tgz",
      "integrity": "sha512-pUrWq3V5PiSGFLeLxoGqReTZmiiXwY3jRkIG5sLLKjyqNxrwm/04b4nw7LSmGWJcKk59XOM/YRTUwOzo4MMlow==",
      "license": "BSD-3-Clause"
    },
    "node_modules/canvaskit-wasm": {
      "version": "0.42.0",
      "resolved": "https://registry.npmjs.org/canvaskit-wasm/-/canvaskit-wasm-0.42.0.tgz",
      "integrity": "sha512-N3ikotmzYwDVAcpQKDMptBT2P5pIEWS9ywdmrQA2awwaMF9cxKEFuxZZHv9ay1Em9kDjxDsPtwUzDm1uNj136g==",
      "license": "BSD-3-Clause",
      "dependencies": {
        "@webgpu/types": "0.1.21"
      }
    }
  }
}
